// !$*UTF8*$!
{
	archiveVersion = 1;
	classes = {
	};
	objectVersion = 50;
	objects = {

/* Begin PBXBuildFile section */
		3067D30D20DAEC5700F95A00 /* AppDelegate.swift in Sources */ = {isa = PBXBuildFile; fileRef = 3067D30C20DAEC5700F95A00 /* AppDelegate.swift */; };
		3067D30F20DAEC5700F95A00 /* ViewController.swift in Sources */ = {isa = PBXBuildFile; fileRef = 3067D30E20DAEC5700F95A00 /* ViewController.swift */; };
		3067D31220DAEC5700F95A00 /* Main.storyboard in Resources */ = {isa = PBXBuildFile; fileRef = 3067D31020DAEC5700F95A00 /* Main.storyboard */; };
		3067D31420DAEC5700F95A00 /* Assets.xcassets in Resources */ = {isa = PBXBuildFile; fileRef = 3067D31320DAEC5700F95A00 /* Assets.xcassets */; };
		3067D31720DAEC5700F95A00 /* LaunchScreen.storyboard in Resources */ = {isa = PBXBuildFile; fileRef = 3067D31520DAEC5700F95A00 /* LaunchScreen.storyboard */; };
		3067D32120DAF49400F95A00 /* Planet.swift in Sources */ = {isa = PBXBuildFile; fileRef = 3067D32020DAF49400F95A00 /* Planet.swift */; };
		3067D32320DB54E100F95A00 /* UIColor+Extension.swift in Sources */ = {isa = PBXBuildFile; fileRef = 3067D32220DB54E100F95A00 /* UIColor+Extension.swift */; };
		3067D32520DB596800F95A00 /* Star.swift in Sources */ = {isa = PBXBuildFile; fileRef = 3067D32420DB596800F95A00 /* Star.swift */; };
		30BF383C20DC1D23009207CB /* README.md in Resources */ = {isa = PBXBuildFile; fileRef = 30BF383B20DC1D23009207CB /* README.md */; };
/* End PBXBuildFile section */

/* Begin PBXFileReference section */
		3067D30920DAEC5700F95A00 /* demo.app */ = {isa = PBXFileReference; explicitFileType = wrapper.application; includeInIndex = 0; path = demo.app; sourceTree = BUILT_PRODUCTS_DIR; };
		3067D30C20DAEC5700F95A00 /* AppDelegate.swift */ = {isa = PBXFileReference; lastKnownFileType = sourcecode.swift; path = AppDelegate.swift; sourceTree = "<group>"; };
		3067D30E20DAEC5700F95A00 /* ViewController.swift */ = {isa = PBXFileReference; lastKnownFileType = sourcecode.swift; path = ViewController.swift; sourceTree = "<group>"; };
		3067D31120DAEC5700F95A00 /* Base */ = {isa = PBXFileReference; lastKnownFileType = file.storyboard; name = Base; path = Base.lproj/Main.storyboard; sourceTree = "<group>"; };
		3067D31320DAEC5700F95A00 /* Assets.xcassets */ = {isa = PBXFileReference; lastKnownFileType = folder.assetcatalog; path = Assets.xcassets; sourceTree = "<group>"; };
		3067D31620DAEC5700F95A00 /* Base */ = {isa = PBXFileReference; lastKnownFileType = file.storyboard; name = Base; path = Base.lproj/LaunchScreen.storyboard; sourceTree = "<group>"; };
		3067D31820DAEC5700F95A00 /* Info.plist */ = {isa = PBXFileReference; lastKnownFileType = text.plist.xml; path = Info.plist; sourceTree = "<group>"; };
		3067D32020DAF49400F95A00 /* Planet.swift */ = {isa = PBXFileReference; lastKnownFileType = sourcecode.swift; path = Planet.swift; sourceTree = "<group>"; };
		3067D32220DB54E100F95A00 /* UIColor+Extension.swift */ = {isa = PBXFileReference; lastKnownFileType = sourcecode.swift; path = "UIColor+Extension.swift"; sourceTree = "<group>"; };
		3067D32420DB596800F95A00 /* Star.swift */ = {isa = PBXFileReference; lastKnownFileType = sourcecode.swift; path = Star.swift; sourceTree = "<group>"; };
		30BF383B20DC1D23009207CB /* README.md */ = {isa = PBXFileReference; fileEncoding = 4; lastKnownFileType = net.daringfireball.markdown; path = README.md; sourceTree = SOURCE_ROOT; };
/* End PBXFileReference section */

/* Begin PBXFrameworksBuildPhase section */
		3067D30620DAEC5700F95A00 /* Frameworks */ = {
			isa = PBXFrameworksBuildPhase;
			buildActionMask = 2147483647;
			files = (
			);
			runOnlyForDeploymentPostprocessing = 0;
		};
/* End PBXFrameworksBuildPhase section */

/* Begin PBXGroup section */
		3067D30020DAEC5600F95A00 = {
			isa = PBXGroup;
			children = (
				3067D30B20DAEC5700F95A00 /* demo */,
				3067D30A20DAEC5700F95A00 /* Products */,
			);
			sourceTree = "<group>";
		};
		3067D30A20DAEC5700F95A00 /* Products */ = {
			isa = PBXGroup;
			children = (
				3067D30920DAEC5700F95A00 /* demo.app */,
			);
			name = Products;
			sourceTree = "<group>";
		};
		3067D30B20DAEC5700F95A00 /* demo */ = {
			isa = PBXGroup;
			children = (
				30BF383B20DC1D23009207CB /* README.md */,
				3067D30C20DAEC5700F95A00 /* AppDelegate.swift */,
				3067D30E20DAEC5700F95A00 /* ViewController.swift */,
				3067D31020DAEC5700F95A00 /* Main.storyboard */,
				3067D31320DAEC5700F95A00 /* Assets.xcassets */,
				3067D31520DAEC5700F95A00 /* LaunchScreen.storyboard */,
				3067D31820DAEC5700F95A00 /* Info.plist */,
				3067D32020DAF49400F95A00 /* Planet.swift */,
				3067D32420DB596800F95A00 /* Star.swift */,
				3067D32220DB54E100F95A00 /* UIColor+Extension.swift */,
			);
			path = demo;
			sourceTree = "<group>";
		};
/* End PBXGroup section */

/* Begin PBXNativeTarget section */
		3067D30820DAEC5700F95A00 /* demo */ = {
			isa = PBXNativeTarget;
			buildConfigurationList = 3067D31B20DAEC5700F95A00 /* Build configuration list for PBXNativeTarget "demo" */;
			buildPhases = (
				3067D30520DAEC5700F95A00 /* Sources */,
				3067D30620DAEC5700F95A00 /* Frameworks */,
				3067D30720DAEC5700F95A00 /* Resources */,
			);
			buildRules = (
			);
			dependencies = (
			);
			name = demo;
			productName = demo;
			productReference = 3067D30920DAEC5700F95A00 /* demo.app */;
			productType = "com.apple.product-type.application";
		};
/* End PBXNativeTarget section */

/* Begin PBXProject section */
		3067D30120DAEC5600F95A00 /* Project object */ = {
			isa = PBXProject;
			attributes = {
				LastSwiftUpdateCheck = 1000;
				LastUpgradeCheck = 1000;
				ORGANIZATIONNAME = branderstudio;
				TargetAttributes = {
					3067D30820DAEC5700F95A00 = {
						CreatedOnToolsVersion = 10.0;
					};
				};
			};
			buildConfigurationList = 3067D30420DAEC5600F95A00 /* Build configuration list for PBXProject "demo" */;
			compatibilityVersion = "Xcode 9.3";
			developmentRegion = en;
			hasScannedForEncodings = 0;
			knownRegions = (
				en,
				Base,
			);
			mainGroup = 3067D30020DAEC5600F95A00;
			productRefGroup = 3067D30A20DAEC5700F95A00 /* Products */;
			projectDirPath = "";
			projectRoot = "";
			targets = (
				3067D30820DAEC5700F95A00 /* demo */,
			);
		};
/* End PBXProject section */

/* Begin PBXResourcesBuildPhase section */
		3067D30720DAEC5700F95A00 /* Resources */ = {
			isa = PBXResourcesBuildPhase;
			buildActionMask = 2147483647;
			files = (
				3067D31720DAEC5700F95A00 /* LaunchScreen.storyboard in Resources */,
				3067D31420DAEC5700F95A00 /* Assets.xcassets in Resources */,
				30BF383C20DC1D23009207CB /* README.md in Resources */,
				3067D31220DAEC5700F95A00 /* Main.storyboard in Resources */,
			);
			runOnlyForDeploymentPostprocessing = 0;
		};
/* End PBXResourcesBuildPhase section */

/* Begin PBXSourcesBuildPhase section */
		3067D30520DAEC5700F95A00 /* Sources */ = {
			isa = PBXSourcesBuildPhase;
			buildActionMask = 2147483647;
			files = (
				3067D32120DAF49400F95A00 /* Planet.swift in Sources */,
				3067D30F20DAEC5700F95A00 /* ViewController.swift in Sources */,
				3067D30D20DAEC5700F95A00 /* AppDelegate.swift in Sources */,
				3067D32520DB596800F95A00 /* Star.swift in Sources */,
				3067D32320DB54E100F95A00 /* UIColor+Extension.swift in Sources */,
			);
			runOnlyForDeploymentPostprocessing = 0;
		};
/* End PBXSourcesBuildPhase section */

/* Begin PBXVariantGroup section */
		3067D31020DAEC5700F95A00 /* Main.storyboard */ = {
			isa = PBXVariantGroup;
			children = (
				3067D31120DAEC5700F95A00 /* Base */,
			);
			name = Main.storyboard;
			sourceTree = "<group>";
		};
		3067D31520DAEC5700F95A00 /* LaunchScreen.storyboard */ = {
			isa = PBXVariantGroup;
			children = (
				3067D31620DAEC5700F95A00 /* Base */,
			);
			name = LaunchScreen.storyboard;
			sourceTree = "<group>";
		};
/* End PBXVariantGroup section */

/* Begin XCBuildConfiguration section */
		3067D31920DAEC5700F95A00 /* Debug */ = {
			isa = XCBuildConfiguration;
			buildSettings = {
				ALWAYS_SEARCH_USER_PATHS = NO;
				CLANG_ANALYZER_NONNULL = YES;
				CLANG_ANALYZER_NUMBER_OBJECT_CONVERSION = YES_AGGRESSIVE;
				CLANG_CXX_LANGUAGE_STANDARD = "gnu++14";
				CLANG_CXX_LIBRARY = "libc++";
				CLANG_ENABLE_MODULES = YES;
				CLANG_ENABLE_OBJC_ARC = YES;
				CLANG_ENABLE_OBJC_WEAK = YES;
				CLANG_WARN_BLOCK_CAPTURE_AUTORELEASING = YES;
				CLANG_WARN_BOOL_CONVERSION = YES;
				CLANG_WARN_COMMA = YES;
				CLANG_WARN_CONSTANT_CONVERSION = YES;
				CLANG_WARN_DEPRECATED_OBJC_IMPLEMENTATIONS = YES;
				CLANG_WARN_DIRECT_OBJC_ISA_USAGE = YES_ERROR;
				CLANG_WARN_DOCUMENTATION_COMMENTS = YES;
				CLANG_WARN_EMPTY_BODY = YES;
				CLANG_WARN_ENUM_CONVERSION = YES;
				CLANG_WARN_INFINITE_RECURSION = YES;
				CLANG_WARN_INT_CONVERSION = YES;
				CLANG_WARN_NON_LITERAL_NULL_CONVERSION = YES;
				CLANG_WARN_OBJC_IMPLICIT_RETAIN_SELF = YES;
				CLANG_WARN_OBJC_LITERAL_CONVERSION = YES;
				CLANG_WARN_OBJC_ROOT_CLASS = YES_ERROR;
				CLANG_WARN_RANGE_LOOP_ANALYSIS = YES;
				CLANG_WARN_STRICT_PROTOTYPES = YES;
				CLANG_WARN_SUSPICIOUS_MOVE = YES;
				CLANG_WARN_UNGUARDED_AVAILABILITY = YES_AGGRESSIVE;
				CLANG_WARN_UNREACHABLE_CODE = YES;
				CLANG_WARN__DUPLICATE_METHOD_MATCH = YES;
				CODE_SIGN_IDENTITY = "iPhone Developer";
				COPY_PHASE_STRIP = NO;
				DEBUG_INFORMATION_FORMAT = dwarf;
				ENABLE_STRICT_OBJC_MSGSEND = YES;
				ENABLE_TESTABILITY = YES;
				GCC_C_LANGUAGE_STANDARD = gnu11;
				GCC_DYNAMIC_NO_PIC = NO;
				GCC_NO_COMMON_BLOCKS = YES;
				GCC_OPTIMIZATION_LEVEL = 0;
				GCC_PREPROCESSOR_DEFINITIONS = (
					"DEBUG=1",
					"$(inherited)",
				);
				GCC_WARN_64_TO_32_BIT_CONVERSION = YES;
				GCC_WARN_ABOUT_RETURN_TYPE = YES_ERROR;
				GCC_WARN_UNDECLARED_SELECTOR = YES;
				GCC_WARN_UNINITIALIZED_AUTOS = YES_AGGRESSIVE;
				GCC_WARN_UNUSED_FUNCTION = YES;
				GCC_WARN_UNUSED_VARIABLE = YES;
				IPHONEOS_DEPLOYMENT_TARGET = 12.0;
				MTL_ENABLE_DEBUG_INFO = INCLUDE_SOURCE;
				ONLY_ACTIVE_ARCH = YES;
				SDKROOT = iphoneos;
				SWIFT_ACTIVE_COMPILATION_CONDITIONS = DEBUG;
				SWIFT_OPTIMIZATION_LEVEL = "-Onone";
			};
			name = Debug;
		};
		3067D31A20DAEC5700F95A00 /* Release */ = {
			isa = XCBuildConfiguration;
			buildSettings = {
				ALWAYS_SEARCH_USER_PATHS = NO;
				CLANG_ANALYZER_NONNULL = YES;
				CLANG_ANALYZER_NUMBER_OBJECT_CONVERSION = YES_AGGRESSIVE;
				CLANG_CXX_LANGUAGE_STANDARD = "gnu++14";
				CLANG_CXX_LIBRARY = "libc++";
				CLANG_ENABLE_MODULES = YES;
				CLANG_ENABLE_OBJC_ARC = YES;
				CLANG_ENABLE_OBJC_WEAK = YES;
				CLANG_WARN_BLOCK_CAPTURE_AUTORELEASING = YES;
				CLANG_WARN_BOOL_CONVERSION = YES;
				CLANG_WARN_COMMA = YES;
				CLANG_WARN_CONSTANT_CONVERSION = YES;
				CLANG_WARN_DEPRECATED_OBJC_IMPLEMENTATIONS = YES;
				CLANG_WARN_DIRECT_OBJC_ISA_USAGE = YES_ERROR;
				CLANG_WARN_DOCUMENTATION_COMMENTS = YES;
				CLANG_WARN_EMPTY_BODY = YES;
				CLANG_WARN_ENUM_CONVERSION = YES;
				CLANG_WARN_INFINITE_RECURSION = YES;
				CLANG_WARN_INT_CONVERSION = YES;
				CLANG_WARN_NON_LITERAL_NULL_CONVERSION = YES;
				CLANG_WARN_OBJC_IMPLICIT_RETAIN_SELF = YES;
				CLANG_WARN_OBJC_LITERAL_CONVERSION = YES;
				CLANG_WARN_OBJC_ROOT_CLASS = YES_ERROR;
				CLANG_WARN_RANGE_LOOP_ANALYSIS = YES;
				CLANG_WARN_STRICT_PROTOTYPES = YES;
				CLANG_WARN_SUSPICIOUS_MOVE = YES;
				CLANG_WARN_UNGUARDED_AVAILABILITY = YES_AGGRESSIVE;
				CLANG_WARN_UNREACHABLE_CODE = YES;
				CLANG_WARN__DUPLICATE_METHOD_MATCH = YES;
				CODE_SIGN_IDENTITY = "iPhone Developer";
				COPY_PHASE_STRIP = NO;
				DEBUG_INFORMATION_FORMAT = "dwarf-with-dsym";
				ENABLE_NS_ASSERTIONS = NO;
				ENABLE_STRICT_OBJC_MSGSEND = YES;
				GCC_C_LANGUAGE_STANDARD = gnu11;
				GCC_NO_COMMON_BLOCKS = YES;
				GCC_WARN_64_TO_32_BIT_CONVERSION = YES;
				GCC_WARN_ABOUT_RETURN_TYPE = YES_ERROR;
				GCC_WARN_UNDECLARED_SELECTOR = YES;
				GCC_WARN_UNINITIALIZED_AUTOS = YES_AGGRESSIVE;
				GCC_WARN_UNUSED_FUNCTION = YES;
				GCC_WARN_UNUSED_VARIABLE = YES;
				IPHONEOS_DEPLOYMENT_TARGET = 12.0;
				MTL_ENABLE_DEBUG_INFO = NO;
				SDKROOT = iphoneos;
				SWIFT_COMPILATION_MODE = wholemodule;
				SWIFT_OPTIMIZATION_LEVEL = "-O";
				VALIDATE_PRODUCT = YES;
			};
			name = Release;
		};
		3067D31C20DAEC5700F95A00 /* Debug */ = {
			isa = XCBuildConfiguration;
			buildSettings = {
				ASSETCATALOG_COMPILER_APPICON_NAME = AppIcon;
				CODE_SIGN_STYLE = Automatic;
				DEVELOPMENT_TEAM = 87GS5B9N5U;
				INFOPLIST_FILE = demo/Info.plist;
				LD_RUNPATH_SEARCH_PATHS = (
					"$(inherited)",
					"@executable_path/Frameworks",
				);
				PRODUCT_BUNDLE_IDENTIFIER = AO.demo;
				PRODUCT_NAME = "$(TARGET_NAME)";
				SWIFT_VERSION = 4.2;
				TARGETED_DEVICE_FAMILY = "1,2";
			};
			name = Debug;
		};
		3067D31D20DAEC5700F95A00 /* Release */ = {
			isa = XCBuildConfiguration;
			buildSettings = {
				ASSETCATALOG_COMPILER_APPICON_NAME = AppIcon;
				CODE_SIGN_STYLE = Automatic;
				DEVELOPMENT_TEAM = 87GS5B9N5U;
				INFOPLIST_FILE = demo/Info.plist;
				LD_RUNPATH_SEARCH_PATHS = (
					"$(inherited)",
					"@executable_path/Frameworks",
				);
				PRODUCT_BUNDLE_IDENTIFIER = AO.demo;
				PRODUCT_NAME = "$(TARGET_NAME)";
				SWIFT_VERSION = 4.2;
				TARGETED_DEVICE_FAMILY = "1,2";
			};
			name = Release;
		};
/* End XCBuildConfiguration section */

/* Begin XCConfigurationList section */
		3067D30420DAEC5600F95A00 /* Build configuration list for PBXProject "demo" */ = {
			isa = XCConfigurationList;
			buildConfigurations = (
				3067D31920DAEC5700F95A00 /* Debug */,
				3067D31A20DAEC5700F95A00 /* Release */,
			);
			defaultConfigurationIsVisible = 0;
			defaultConfigurationName = Release;
		};
		3067D31B20DAEC5700F95A00 /* Build configuration list for PBXNativeTarget "demo" */ = {
			isa = XCConfigurationList;
			buildConfigurations = (
				3067D31C20DAEC5700F95A00 /* Debug */,
				3067D31D20DAEC5700F95A00 /* Release */,
			);
			defaultConfigurationIsVisible = 0;
			defaultConfigurationName = Release;
		};
/* End XCConfigurationList section */
	};
	rootObject = 3067D30120DAEC5600F95A00 /* Project object */;
}
